lockfileVersion: '9.0'

settings:
  autoInstallPeers: true
  excludeLinksFromLockfile: false

importers:

  .:
    dependencies:
      '@capacitor/core':
        specifier: '>=8.0.0'
        version: 8.5.0

packages:

  '@capacitor/core@8.5.0':
    resolution: {integrity: sha512-Ca4krtqH1hothjtBIwf2J2TW7IhYq1ujp8QeItTiJohNsqij8ja2DYYH3DU0l8RmxCWaBAFTGA2TgOgOMCSNsQ==}

  tslib@2.8.1:
    resolution: {integrity: sha512-oJFu94HQb+KVduSUQL7wnpmqnfmLsOA/nAh6b6EH0wCEoK0/mPeXU6c3wKDV83MkOuHPRHtSXKKU99IBazS/2w==}

snapshots:

  '@capacitor/core@8.5.0':
    dependencies:
      tslib: 2.8.1

  tslib@2.8.1: {}
